# This file was autogenerated by uv via the following command:
#    uv pip compile requirements-desktop.in --python-platform windows --python-version 3.12 -o requirements-desktop.lock
altgraph==0.17.5
    # via pyinstaller
authlib==1.8.0
    # via -r requirements.txt
babel==2.18.0
    # via courlan
bcrypt==5.0.0
    # via paramiko
beautifulsoup4==4.15.0
    # via
    #   -r requirements.txt
    #   markdownify
blinker==1.9.0
    # via flask
boto3==1.43.106
    # via -r requirements.txt
botocore==1.43.106
    # via
    #   boto3
    #   s3transfer
bottle==0.13.4
    # via pywebview
certifi==2026.7.22
    # via
    #   requests
    #   trafilatura
cffi==2.1.1
    # via
    #   clr-loader
    #   cryptography
    #   pynacl
charset-normalizer==3.5.2
    # via
    #   htmldate
    #   pdfminer-six
    #   requests
    #   trafilatura
click==8.5.0
    # via
    #   ddgs
    #   flask
clr-loader==0.3.1
    # via pythonnet
colorama==0.4.6
    # via pytest
courlan==1.4.0
    # via trafilatura
cryptography==50.0.2
    # via
    #   -r requirements.txt
    #   authlib
    #   joserfc
    #   paramiko
    #   pdfminer-six
dateparser==1.4.3
    # via htmldate
ddgs==9.16.0
    # via -r requirements.txt
et-xmlfile==2.0.0
    # via openpyxl
flask==3.1.3
    # via
    #   -r requirements.txt
    #   flask-sock
flask-sock==0.7.0
    # via -r requirements.txt
greenlet==3.5.6
    # via playwright
gunicorn==26.2.0
    # via -r requirements.txt
h11==0.16.0
    # via wsproto
htmldate==1.10.0
    # via trafilatura
idna==3.20
    # via requests
iniconfig==2.3.0
    # via pytest
invoke==3.0.3
    # via paramiko
itsdangerous==2.2.0
    # via flask
jinja2==3.1.6
    # via flask
jmespath==1.1.0
    # via
    #   boto3
    #   botocore
joserfc==1.7.5
    # via authlib
justext==3.0.2
    # via trafilatura
lxml==6.1.3
    # via
    #   -r requirements.txt
    #   ddgs
    #   htmldate
    #   justext
    #   lxml-html-clean
    #   python-docx
    #   python-pptx
    #   trafilatura
lxml-html-clean==0.4.5
    # via lxml
markdownify==1.2.3
    # via -r requirements.txt
markupsafe==3.0.3
    # via
    #   flask
    #   jinja2
    #   werkzeug
openpyxl==3.1.5
    # via -r requirements.txt
packaging==26.3
    # via
    #   pyinstaller
    #   pyinstaller-hooks-contrib
    #   pytest
paramiko==5.0.0
    # via -r requirements.txt
pdfminer-six==20260107
    # via pdfplumber
pdfplumber==0.11.10
    # via -r requirements.txt
pefile==2024.8.26
    # via pyinstaller
pillow==12.3.0
    # via
    #   -r requirements.txt
    #   pdfplumber
    #   python-pptx
playwright==1.63.0
    # via -r requirements.txt
pluggy==1.6.0
    # via pytest
primp==2.0.1
    # via ddgs
proxy-tools==0.1.0
    # via pywebview
psycopg==3.3.6
    # via -r requirements.txt
psycopg-binary==3.3.6
    # via psycopg
pycparser==3.0
    # via cffi
pyee==13.0.1
    # via playwright
pygments==2.21.0
    # via pytest
pyinstaller==6.22.3
    # via -r requirements-desktop.in
pyinstaller-hooks-contrib==2026.8
    # via pyinstaller
pynacl==1.6.2
    # via paramiko
pypdf2==3.0.1
    # via -r requirements.txt
pypdfium2==5.13.0
    # via pdfplumber
pytest==9.1.1
    # via -r requirements.txt
python-dateutil==2.9.0.post0
    # via
    #   botocore
    #   dateparser
    #   htmldate
python-docx==1.2.0
    # via -r requirements.txt
python-pptx==1.0.2
    # via -r requirements.txt
pythonnet==3.2.0
    # via pywebview
pytz==2026.4
    # via dateparser
pywebview==6.2.1
    # via -r requirements-desktop.in
pywin32-ctypes==0.2.3
    # via pyinstaller
pyyaml==6.0.3
    # via -r requirements.txt
redis==8.1.0
    # via -r requirements.txt
regex==2026.9.29
    # via dateparser
requests==2.34.2
    # via -r requirements.txt
s3transfer==0.19.2
    # via boto3
setuptools==84.0.0
    # via pyinstaller
simple-websocket==1.1.0
    # via flask-sock
six==1.17.0
    # via
    #   markdownify
    #   python-dateutil
soupsieve==2.10
    # via beautifulsoup4
tld==0.13.2
    # via courlan
trafilatura==2.2.0
    # via -r requirements.txt
typing-extensions==4.16.0
    # via
    #   beautifulsoup4
    #   psycopg
    #   pyee
    #   python-docx
    #   python-pptx
    #   pywebview
tzdata==2026.4
    # via
    #   psycopg
    #   tzlocal
tzlocal==5.4.4
    # via dateparser
urllib3==2.8.0
    # via
    #   botocore
    #   courlan
    #   htmldate
    #   requests
    #   trafilatura
werkzeug==3.1.9
    # via flask
wsproto==1.3.2
    # via simple-websocket
xlsxwriter==3.2.9
    # via python-pptx
